// !$*UTF8*$!
{
	archiveVersion = 1;
	classes = {
	};
	objectVersion = 50;
	objects = {

/* Begin PBXBuildFile section */
		D219596C21735F3900DF7D38 /* AppDelegate.swift in Sources */ = {isa = PBXBuildFile; fileRef = D219596B21735F3900DF7D38 /* AppDelegate.swift */; };
		D219596E21735F3900DF7D38 /* ViewController.swift in Sources */ = {isa = PBXBuildFile; fileRef = D219596D21735F3900DF7D38 /* ViewController.swift */; };
		D219597121735F3900DF7D38 /* Main.storyboard in Resources */ = {isa = PBXBuildFile; fileRef = D219596F21735F3900DF7D38 /* Main.storyboard */; };
		D219597321735F3C00DF7D38 /* Assets.xcassets in Resources */ = {isa = PBXBuildFile; fileRef = D219597221735F3C00DF7D38 /* Assets.xcassets */; };
		D219597621735F3C00DF7D38 /* LaunchScreen.storyboard in Resources */ = {isa = PBXBuildFile; fileRef = D219597421735F3C00DF7D38 /* LaunchScreen.storyboard */; };
		D21959872173A73E00DF7D38 /* AdCell.swift in Sources */ = {isa = PBXBuildFile; fileRef = D21959852173A73E00DF7D38 /* AdCell.swift */; };
		D21959882173A73E00DF7D38 /* AdCell.xib in Resources */ = {isa = PBXBuildFile; fileRef = D21959862173A73E00DF7D38 /* AdCell.xib */; };
		D219598B2173A76A00DF7D38 /* LabCell.swift in Sources */ = {isa = PBXBuildFile; fileRef = D21959892173A76A00DF7D38 /* LabCell.swift */; };
		D219598C2173A76A00DF7D38 /* LabCell.xib in Resources */ = {isa = PBXBuildFile; fileRef = D219598A2173A76A00DF7D38 /* LabCell.xib */; };
		D21959902173ACC000DF7D38 /* Lab.swift in Sources */ = {isa = PBXBuildFile; fileRef = D219598F2173ACC000DF7D38 /* Lab.swift */; };
		D21959922173AD3C00DF7D38 /* Labs.swift in Sources */ = {isa = PBXBuildFile; fileRef = D21959912173AD3C00DF7D38 /* Labs.swift */; };
		D21959942173DBBE00DF7D38 /* LabController.swift in Sources */ = {isa = PBXBuildFile; fileRef = D21959932173DBBE00DF7D38 /* LabController.swift */; };
		D21959962173E05900DF7D38 /* FullImageController.swift in Sources */ = {isa = PBXBuildFile; fileRef = D21959952173E05900DF7D38 /* FullImageController.swift */; };
/* End PBXBuildFile section */

/* Begin PBXFileReference section */
		D219596821735F3900DF7D38 /* DZ2.app */ = {isa = PBXFileReference; explicitFileType = wrapper.application; includeInIndex = 0; path = DZ2.app; sourceTree = BUILT_PRODUCTS_DIR; };
		D219596B21735F3900DF7D38 /* AppDelegate.swift */ = {isa = PBXFileReference; lastKnownFileType = sourcecode.swift; path = AppDelegate.swift; sourceTree = "<group>"; };
		D219596D21735F3900DF7D38 /* ViewController.swift */ = {isa = PBXFileReference; lastKnownFileType = sourcecode.swift; path = ViewController.swift; sourceTree = "<group>"; };
		D219597021735F3900DF7D38 /* Base */ = {isa = PBXFileReference; lastKnownFileType = file.storyboard; name = Base; path = Base.lproj/Main.storyboard; sourceTree = "<group>"; };
		D219597221735F3C00DF7D38 /* Assets.xcassets */ = {isa = PBXFileReference; lastKnownFileType = folder.assetcatalog; path = Assets.xcassets; sourceTree = "<group>"; };
		D219597521735F3C00DF7D38 /* Base */ = {isa = PBXFileReference; lastKnownFileType = file.storyboard; name = Base; path = Base.lproj/LaunchScreen.storyboard; sourceTree = "<group>"; };
		D219597721735F3C00DF7D38 /* Info.plist */ = {isa = PBXFileReference; lastKnownFileType = text.plist.xml; path = Info.plist; sourceTree = "<group>"; };
		D21959852173A73E00DF7D38 /* AdCell.swift */ = {isa = PBXFileReference; lastKnownFileType = sourcecode.swift; path = AdCell.swift; sourceTree = "<group>"; };
		D21959862173A73E00DF7D38 /* AdCell.xib */ = {isa = PBXFileReference; lastKnownFileType = file.xib; path = AdCell.xib; sourceTree = "<group>"; };
		D21959892173A76A00DF7D38 /* LabCell.swift */ = {isa = PBXFileReference; lastKnownFileType = sourcecode.swift; path = LabCell.swift; sourceTree = "<group>"; };
		D219598A2173A76A00DF7D38 /* LabCell.xib */ = {isa = PBXFileReference; lastKnownFileType = file.xib; path = LabCell.xib; sourceTree = "<group>"; };
		D219598F2173ACC000DF7D38 /* Lab.swift */ = {isa = PBXFileReference; lastKnownFileType = sourcecode.swift; path = Lab.swift; sourceTree = "<group>"; };
		D21959912173AD3C00DF7D38 /* Labs.swift */ = {isa = PBXFileReference; lastKnownFileType = sourcecode.swift; path = Labs.swift; sourceTree = "<group>"; };
		D21959932173DBBE00DF7D38 /* LabController.swift */ = {isa = PBXFileReference; lastKnownFileType = sourcecode.swift; path = LabController.swift; sourceTree = "<group>"; };
		D21959952173E05900DF7D38 /* FullImageController.swift */ = {isa = PBXFileReference; lastKnownFileType = sourcecode.swift; path = FullImageController.swift; sourceTree = "<group>"; };
/* End PBXFileReference section */

/* Begin PBXFrameworksBuildPhase section */
		D219596521735F3900DF7D38 /* Frameworks */ = {
			isa = PBXFrameworksBuildPhase;
			buildActionMask = 2147483647;
			files = (
			);
			runOnlyForDeploymentPostprocessing = 0;
		};
/* End PBXFrameworksBuildPhase section */

/* Begin PBXGroup section */
		D219595F21735F3900DF7D38 = {
			isa = PBXGroup;
			children = (
				D219596A21735F3900DF7D38 /* DZ2 */,
				D219596921735F3900DF7D38 /* Products */,
			);
			sourceTree = "<group>";
		};
		D219596921735F3900DF7D38 /* Products */ = {
			isa = PBXGroup;
			children = (
				D219596821735F3900DF7D38 /* DZ2.app */,
			);
			name = Products;
			sourceTree = "<group>";
		};
		D219596A21735F3900DF7D38 /* DZ2 */ = {
			isa = PBXGroup;
			children = (
				D219596B21735F3900DF7D38 /* AppDelegate.swift */,
				D219596D21735F3900DF7D38 /* ViewController.swift */,
				D21959932173DBBE00DF7D38 /* LabController.swift */,
				D21959952173E05900DF7D38 /* FullImageController.swift */,
				D219596F21735F3900DF7D38 /* Main.storyboard */,
				D219597221735F3C00DF7D38 /* Assets.xcassets */,
				D219597421735F3C00DF7D38 /* LaunchScreen.storyboard */,
				D219597721735F3C00DF7D38 /* Info.plist */,
				D21959852173A73E00DF7D38 /* AdCell.swift */,
				D21959862173A73E00DF7D38 /* AdCell.xib */,
				D21959892173A76A00DF7D38 /* LabCell.swift */,
				D219598A2173A76A00DF7D38 /* LabCell.xib */,
				D219598F2173ACC000DF7D38 /* Lab.swift */,
				D21959912173AD3C00DF7D38 /* Labs.swift */,
			);
			path = DZ2;
			sourceTree = "<group>";
		};
/* End PBXGroup section */

/* Begin PBXNativeTarget section */
		D219596721735F3900DF7D38 /* DZ2 */ = {
			isa = PBXNativeTarget;
			buildConfigurationList = D219597A21735F3C00DF7D38 /* Build configuration list for PBXNativeTarget "DZ2" */;
			buildPhases = (
				D219596421735F3900DF7D38 /* Sources */,
				D219596521735F3900DF7D38 /* Frameworks */,
				D219596621735F3900DF7D38 /* Resources */,
			);
			buildRules = (
			);
			dependencies = (
			);
			name = DZ2;
			productName = DZ2;
			productReference = D219596821735F3900DF7D38 /* DZ2.app */;
			productType = "com.apple.product-type.application";
		};
/* End PBXNativeTarget section */

/* Begin PBXProject section */
		D219596021735F3900DF7D38 /* Project object */ = {
			isa = PBXProject;
			attributes = {
				LastSwiftUpdateCheck = 1000;
				LastUpgradeCheck = 1000;
				ORGANIZATIONNAME = "Юрий Шашкин";
				TargetAttributes = {
					D219596721735F3900DF7D38 = {
						CreatedOnToolsVersion = 10.0;
					};
				};
			};
			buildConfigurationList = D219596321735F3900DF7D38 /* Build configuration list for PBXProject "DZ2" */;
			compatibilityVersion = "Xcode 9.3";
			developmentRegion = en;
			hasScannedForEncodings = 0;
			knownRegions = (
				en,
				Base,
			);
			mainGroup = D219595F21735F3900DF7D38;
			productRefGroup = D219596921735F3900DF7D38 /* Products */;
			projectDirPath = "";
			projectRoot = "";
			targets = (
				D219596721735F3900DF7D38 /* DZ2 */,
			);
		};
/* End PBXProject section */

/* Begin PBXResourcesBuildPhase section */
		D219596621735F3900DF7D38 /* Resources */ = {
			isa = PBXResourcesBuildPhase;
			buildActionMask = 2147483647;
			files = (
				D219598C2173A76A00DF7D38 /* LabCell.xib in Resources */,
				D219597621735F3C00DF7D38 /* LaunchScreen.storyboard in Resources */,
				D21959882173A73E00DF7D38 /* AdCell.xib in Resources */,
				D219597321735F3C00DF7D38 /* Assets.xcassets in Resources */,
				D219597121735F3900DF7D38 /* Main.storyboard in Resources */,
			);
			runOnlyForDeploymentPostprocessing = 0;
		};
/* End PBXResourcesBuildPhase section */

/* Begin PBXSourcesBuildPhase section */
		D219596421735F3900DF7D38 /* Sources */ = {
			isa = PBXSourcesBuildPhase;
			buildActionMask = 2147483647;
			files = (
				D21959872173A73E00DF7D38 /* AdCell.swift in Sources */,
				D21959942173DBBE00DF7D38 /* LabController.swift in Sources */,
				D219596E21735F3900DF7D38 /* ViewController.swift in Sources */,
				D21959902173ACC000DF7D38 /* Lab.swift in Sources */,
				D21959922173AD3C00DF7D38 /* Labs.swift in Sources */,
				D219596C21735F3900DF7D38 /* AppDelegate.swift in Sources */,
				D219598B2173A76A00DF7D38 /* LabCell.swift in Sources */,
				D21959962173E05900DF7D38 /* FullImageController.swift in Sources */,
			);
			runOnlyForDeploymentPostprocessing = 0;
		};
/* End PBXSourcesBuildPhase section */

/* Begin PBXVariantGroup section */
		D219596F21735F3900DF7D38 /* Main.storyboard */ = {
			isa = PBXVariantGroup;
			children = (
				D219597021735F3900DF7D38 /* Base */,
			);
			name = Main.storyboard;
			sourceTree = "<group>";
		};
		D219597421735F3C00DF7D38 /* LaunchScreen.storyboard */ = {
			isa = PBXVariantGroup;
			children = (
				D219597521735F3C00DF7D38 /* Base */,
			);
			name = LaunchScreen.storyboard;
			sourceTree = "<group>";
		};
/* End PBXVariantGroup section */

/* Begin XCBuildConfiguration section */
		D219597821735F3C00DF7D38 /* Debug */ = {
			isa = XCBuildConfiguration;
			buildSettings = {
				ALWAYS_SEARCH_USER_PATHS = NO;
				CLANG_ANALYZER_NONNULL = YES;
				CLANG_ANALYZER_NUMBER_OBJECT_CONVERSION = YES_AGGRESSIVE;
				CLANG_CXX_LANGUAGE_STANDARD = "gnu++14";
				CLANG_CXX_LIBRARY = "libc++";
				CLANG_ENABLE_MODULES = YES;
				CLANG_ENABLE_OBJC_ARC = YES;
				CLANG_ENABLE_OBJC_WEAK = YES;
				CLANG_WARN_BLOCK_CAPTURE_AUTORELEASING = YES;
				CLANG_WARN_BOOL_CONVERSION = YES;
				CLANG_WARN_COMMA = YES;
				CLANG_WARN_CONSTANT_CONVERSION = YES;
				CLANG_WARN_DEPRECATED_OBJC_IMPLEMENTATIONS = YES;
				CLANG_WARN_DIRECT_OBJC_ISA_USAGE = YES_ERROR;
				CLANG_WARN_DOCUMENTATION_COMMENTS = YES;
				CLANG_WARN_EMPTY_BODY = YES;
				CLANG_WARN_ENUM_CONVERSION = YES;
				CLANG_WARN_INFINITE_RECURSION = YES;
				CLANG_WARN_INT_CONVERSION = YES;
				CLANG_WARN_NON_LITERAL_NULL_CONVERSION = YES;
				CLANG_WARN_OBJC_IMPLICIT_RETAIN_SELF = YES;
				CLANG_WARN_OBJC_LITERAL_CONVERSION = YES;
				CLANG_WARN_OBJC_ROOT_CLASS = YES_ERROR;
				CLANG_WARN_RANGE_LOOP_ANALYSIS = YES;
				CLANG_WARN_STRICT_PROTOTYPES = YES;
				CLANG_WARN_SUSPICIOUS_MOVE = YES;
				CLANG_WARN_UNGUARDED_AVAILABILITY = YES_AGGRESSIVE;
				CLANG_WARN_UNREACHABLE_CODE = YES;
				CLANG_WARN__DUPLICATE_METHOD_MATCH = YES;
				CODE_SIGN_IDENTITY = "iPhone Developer";
				COPY_PHASE_STRIP = NO;
				DEBUG_INFORMATION_FORMAT = dwarf;
				ENABLE_STRICT_OBJC_MSGSEND = YES;
				ENABLE_TESTABILITY = YES;
				GCC_C_LANGUAGE_STANDARD = gnu11;
				GCC_DYNAMIC_NO_PIC = NO;
				GCC_NO_COMMON_BLOCKS = YES;
				GCC_OPTIMIZATION_LEVEL = 0;
				GCC_PREPROCESSOR_DEFINITIONS = (
					"DEBUG=1",
					"$(inherited)",
				);
				GCC_WARN_64_TO_32_BIT_CONVERSION = YES;
				GCC_WARN_ABOUT_RETURN_TYPE = YES_ERROR;
				GCC_WARN_UNDECLARED_SELECTOR = YES;
				GCC_WARN_UNINITIALIZED_AUTOS = YES_AGGRESSIVE;
				GCC_WARN_UNUSED_FUNCTION = YES;
				GCC_WARN_UNUSED_VARIABLE = YES;
				IPHONEOS_DEPLOYMENT_TARGET = 12.0;
				MTL_ENABLE_DEBUG_INFO = INCLUDE_SOURCE;
				MTL_FAST_MATH = YES;
				ONLY_ACTIVE_ARCH = YES;
				SDKROOT = iphoneos;
				SWIFT_ACTIVE_COMPILATION_CONDITIONS = DEBUG;
				SWIFT_OPTIMIZATION_LEVEL = "-Onone";
			};
			name = Debug;
		};
		D219597921735F3C00DF7D38 /* Release */ = {
			isa = XCBuildConfiguration;
			buildSettings = {
				ALWAYS_SEARCH_USER_PATHS = NO;
				CLANG_ANALYZER_NONNULL = YES;
				CLANG_ANALYZER_NUMBER_OBJECT_CONVERSION = YES_AGGRESSIVE;
				CLANG_CXX_LANGUAGE_STANDARD = "gnu++14";
				CLANG_CXX_LIBRARY = "libc++";
				CLANG_ENABLE_MODULES = YES;
				CLANG_ENABLE_OBJC_ARC = YES;
				CLANG_ENABLE_OBJC_WEAK = YES;
				CLANG_WARN_BLOCK_CAPTURE_AUTORELEASING = YES;
				CLANG_WARN_BOOL_CONVERSION = YES;
				CLANG_WARN_COMMA = YES;
				CLANG_WARN_CONSTANT_CONVERSION = YES;
				CLANG_WARN_DEPRECATED_OBJC_IMPLEMENTATIONS = YES;
				CLANG_WARN_DIRECT_OBJC_ISA_USAGE = YES_ERROR;
				CLANG_WARN_DOCUMENTATION_COMMENTS = YES;
				CLANG_WARN_EMPTY_BODY = YES;
				CLANG_WARN_ENUM_CONVERSION = YES;
				CLANG_WARN_INFINITE_RECURSION = YES;
				CLANG_WARN_INT_CONVERSION = YES;
				CLANG_WARN_NON_LITERAL_NULL_CONVERSION = YES;
				CLANG_WARN_OBJC_IMPLICIT_RETAIN_SELF = YES;
				CLANG_WARN_OBJC_LITERAL_CONVERSION = YES;
				CLANG_WARN_OBJC_ROOT_CLASS = YES_ERROR;
				CLANG_WARN_RANGE_LOOP_ANALYSIS = YES;
				CLANG_WARN_STRICT_PROTOTYPES = YES;
				CLANG_WARN_SUSPICIOUS_MOVE = YES;
				CLANG_WARN_UNGUARDED_AVAILABILITY = YES_AGGRESSIVE;
				CLANG_WARN_UNREACHABLE_CODE = YES;
				CLANG_WARN__DUPLICATE_METHOD_MATCH = YES;
				CODE_SIGN_IDENTITY = "iPhone Developer";
				COPY_PHASE_STRIP = NO;
				DEBUG_INFORMATION_FORMAT = "dwarf-with-dsym";
				ENABLE_NS_ASSERTIONS = NO;
				ENABLE_STRICT_OBJC_MSGSEND = YES;
				GCC_C_LANGUAGE_STANDARD = gnu11;
				GCC_NO_COMMON_BLOCKS = YES;
				GCC_WARN_64_TO_32_BIT_CONVERSION = YES;
				GCC_WARN_ABOUT_RETURN_TYPE = YES_ERROR;
				GCC_WARN_UNDECLARED_SELECTOR = YES;
				GCC_WARN_UNINITIALIZED_AUTOS = YES_AGGRESSIVE;
				GCC_WARN_UNUSED_FUNCTION = YES;
				GCC_WARN_UNUSED_VARIABLE = YES;
				IPHONEOS_DEPLOYMENT_TARGET = 12.0;
				MTL_ENABLE_DEBUG_INFO = NO;
				MTL_FAST_MATH = YES;
				SDKROOT = iphoneos;
				SWIFT_COMPILATION_MODE = wholemodule;
				SWIFT_OPTIMIZATION_LEVEL = "-O";
				VALIDATE_PRODUCT = YES;
			};
			name = Release;
		};
		D219597B21735F3C00DF7D38 /* Debug */ = {
			isa = XCBuildConfiguration;
			buildSettings = {
				ASSETCATALOG_COMPILER_APPICON_NAME = AppIcon;
				CODE_SIGN_STYLE = Automatic;
				INFOPLIST_FILE = DZ2/Info.plist;
				LD_RUNPATH_SEARCH_PATHS = (
					"$(inherited)",
					"@executable_path/Frameworks",
				);
				PRODUCT_BUNDLE_IDENTIFIER = ddd.DZ2;
				PRODUCT_NAME = "$(TARGET_NAME)";
				SWIFT_VERSION = 4.2;
				TARGETED_DEVICE_FAMILY = "1,2";
			};
			name = Debug;
		};
		D219597C21735F3C00DF7D38 /* Release */ = {
			isa = XCBuildConfiguration;
			buildSettings = {
				ASSETCATALOG_COMPILER_APPICON_NAME = AppIcon;
				CODE_SIGN_STYLE = Automatic;
				INFOPLIST_FILE = DZ2/Info.plist;
				LD_RUNPATH_SEARCH_PATHS = (
					"$(inherited)",
					"@executable_path/Frameworks",
				);
				PRODUCT_BUNDLE_IDENTIFIER = ddd.DZ2;
				PRODUCT_NAME = "$(TARGET_NAME)";
				SWIFT_VERSION = 4.2;
				TARGETED_DEVICE_FAMILY = "1,2";
			};
			name = Release;
		};
/* End XCBuildConfiguration section */

/* Begin XCConfigurationList section */
		D219596321735F3900DF7D38 /* Build configuration list for PBXProject "DZ2" */ = {
			isa = XCConfigurationList;
			buildConfigurations = (
				D219597821735F3C00DF7D38 /* Debug */,
				D219597921735F3C00DF7D38 /* Release */,
			);
			defaultConfigurationIsVisible = 0;
			defaultConfigurationName = Release;
		};
		D219597A21735F3C00DF7D38 /* Build configuration list for PBXNativeTarget "DZ2" */ = {
			isa = XCConfigurationList;
			buildConfigurations = (
				D219597B21735F3C00DF7D38 /* Debug */,
				D219597C21735F3C00DF7D38 /* Release */,
			);
			defaultConfigurationIsVisible = 0;
			defaultConfigurationName = Release;
		};
/* End XCConfigurationList section */
	};
	rootObject = D219596021735F3900DF7D38 /* Project object */;
}
